# THIS IS AN AUTOGENERATED FILE. DO NOT EDIT THIS FILE DIRECTLY.
# yarn lockfile v1


adm-zip@0.4.13:
  version "0.4.13"
  resolved "https://registry.yarnpkg.com/adm-zip/-/adm-zip-0.4.13.tgz#597e2f8cc3672151e1307d3e95cddbc75672314a"
  integrity sha512-fERNJX8sOXfel6qCBCMPvZLzENBEhZTzKqg6vrOW5pvoEaQuJhRU4ndTAh6lHOxn1I6jnz2NHra56ZODM751uw==

detect-indent@^5.0.0:
  version "5.0.0"
  resolved "https://registry.yarnpkg.com/detect-indent/-/detect-indent-5.0.0.tgz#3871cc0a6a002e8c3e5b3cf7f336264675f06b9d"
  integrity sha1-OHHMCmoALow+Wzz38zYmRnXwa50=

detect-newline@^2.1.0:
  version "2.1.0"
  resolved "https://registry.yarnpkg.com/detect-newline/-/detect-newline-2.1.0.tgz#f41f1c10be4b00e87b5f13da680759f2c5bfd3e2"
  integrity sha1-9B8cEL5LAOh7XxPaaAdZ8sW/0+I=

minimist@^1.2.0:
  version "1.2.0"
  resolved "https://registry.yarnpkg.com/minimist/-/minimist-1.2.0.tgz#a35008b20f41383eec1fb914f4cd5df79a264284"
  integrity sha1-o1AIsg9BOD7sH7kU9M1d95omQoQ=

sort-json@2.0.0:
  version "2.0.0"
  resolved "https://registry.yarnpkg.com/sort-json/-/sort-json-2.0.0.tgz#a7030d8875adbd4a5ea39a000567ed94c1aa3c50"
  integrity sha512-OgXPErPJM/rBK5OhzIJ+etib/BmLQ1JY55Nb/ElhoWUec62pXNF/X6DrecHq3NW5OAGX0KxYD7m0HtgB9dvGeA==
  dependencies:
    detect-indent "^5.0.0"
    detect-newline "^2.1.0"
    minimist "^1.2.0"
